
Microsoft Visual Studio Solution File, Format Version 12.00
# Visual Studio Version 16
VisualStudioVersion = 16.0.31005.135
MinimumVisualStudioVersion = 10.0.40219.1
Project("{9A19103F-16F7-4668-BE54-9A1E7A4F7556}") = "DupeFileCheck", "DupeFileCheck\DupeFileCheck.csproj", "{3B7C5DCA-0D4E-49E0-ADC2-FED76F800D7A}"
EndProject
Project("{FAE04EC0-301F-11D3-BF4B-00C04F79EFBC}") = "DupeCheckGui", "DupeCheckGui\DupeCheckGui.csproj", "{B1E49B8E-753A-4626-A987-C44EEBC32F77}"
EndProject
Global
	GlobalSection(SolutionConfigurationPlatforms) = preSolution
		Debug|Any CPU = Debug|Any CPU
		Release|Any CPU = Release|Any CPU
	EndGlobalSection
	GlobalSection(ProjectConfigurationPlatforms) = postSolution
		{3B7C5DCA-0D4E-49E0-ADC2-FED76F800D7A}.Debug|Any CPU.ActiveCfg = Debug|Any CPU
		{3B7C5DCA-0D4E-49E0-ADC2-FED76F800D7A}.Debug|Any CPU.Build.0 = Debug|Any CPU
		{3B7C5DCA-0D4E-49E0-ADC2-FED76F800D7A}.Release|Any CPU.ActiveCfg = Release|Any CPU
		{3B7C5DCA-0D4E-49E0-ADC2-FED76F800D7A}.Release|Any CPU.Build.0 = Release|Any CPU
		{B1E49B8E-753A-4626-A987-C44EEBC32F77}.Debug|Any CPU.ActiveCfg = Debug|Any CPU
		{B1E49B8E-753A-4626-A987-C44EEBC32F77}.Debug|Any CPU.Build.0 = Debug|Any CPU
		{B1E49B8E-753A-4626-A987-C44EEBC32F77}.Release|Any CPU.ActiveCfg = Release|Any CPU
		{B1E49B8E-753A-4626-A987-C44EEBC32F77}.Release|Any CPU.Build.0 = Release|Any CPU
	EndGlobalSection
	GlobalSection(SolutionProperties) = preSolution
		HideSolutionNode = FALSE
	EndGlobalSection
	GlobalSection(ExtensibilityGlobals) = postSolution
		SolutionGuid = {25B175D3-ACA1-4253-84BF-9745017A4EEE}
	EndGlobalSection
EndGlobal
